
Microsoft Visual Studio Solution File, Format Version 11.00
# Visual Studio 2010
# SharpDevelop 4.4
Project("{FAE04EC0-301F-11D3-BF4B-00C04F79EFBC}") = "AsyncServer", "AsyncServer.csproj", "{BE77806E-951A-4F6E-9F51-4E7F57A8FE6F}"
EndProject
Global
	GlobalSection(SolutionConfigurationPlatforms) = preSolution
		Debug|Any CPU = Debug|Any CPU
		Release|Any CPU = Release|Any CPU
	EndGlobalSection
	GlobalSection(ProjectConfigurationPlatforms) = postSolution
		{BE77806E-951A-4F6E-9F51-4E7F57A8FE6F}.Debug|Any CPU.Build.0 = Debug|Any CPU
		{BE77806E-951A-4F6E-9F51-4E7F57A8FE6F}.Debug|Any CPU.ActiveCfg = Debug|Any CPU
		{BE77806E-951A-4F6E-9F51-4E7F57A8FE6F}.Release|Any CPU.Build.0 = Release|Any CPU
		{BE77806E-951A-4F6E-9F51-4E7F57A8FE6F}.Release|Any CPU.ActiveCfg = Release|Any CPU
	EndGlobalSection
EndGlobal
